Microsoft Visual Studio Solution File, Format Version 12.00
# Visual Studio 14
VisualStudioVersion = 14.0.25420.1
MinimumVisualStudioVersion = 10.0.40219.1
Project("{2150E333-8FDC-42A3-9474-1A3956D46DE8}") = "tests", "tests", "{41BB5C25-6084-4CA2-A9E8-EE35A1CA1DEA}"
	ProjectSection(SolutionItems) = preProject
		tests\Settings.StyleCop = tests\Settings.StyleCop
		tests\Xbehave.Test.ruleset = tests\Xbehave.Test.ruleset
	EndProjectSection
EndProject
Project("{2150E333-8FDC-42A3-9474-1A3956D46DE8}") = ".nuget", ".nuget", "{BBC5886B-9456-470B-836F-722154863920}"
	ProjectSection(SolutionItems) = preProject
		.nuget\packages.config = .nuget\packages.config
	EndProjectSection
EndProject
Project("{FAE04EC0-301F-11D3-BF4B-00C04F79EFBC}") = "Xbehave.Test.Acceptance.Net45", "tests\Xbehave.Test.Acceptance.Net45\Xbehave.Test.Acceptance.Net45.csproj", "{D509D6B2-D696-4D5D-A7E4-59ED5C5FDE4C}"
EndProject
Project("{FAE04EC0-301F-11D3-BF4B-00C04F79EFBC}") = "Xbehave.Core", "src\Xbehave.Core\Xbehave.Core.csproj", "{1BA9615F-9679-49BA-8CFB-AA826F3C78BE}"
EndProject
Project("{FAE04EC0-301F-11D3-BF4B-00C04F79EFBC}") = "Xbehave.Execution.desktop", "src\Xbehave.Execution.desktop\Xbehave.Execution.desktop.csproj", "{30DF704B-27B5-4F23-A54E-A0CDB86AAF2F}"
EndProject
Project("{2150E333-8FDC-42A3-9474-1A3956D46DE8}") = "src", "src", "{33269118-539E-4B80-8298-556253F984FE}"
	ProjectSection(SolutionItems) = preProject
		src\CommonAssemblyInfo.cs = src\CommonAssemblyInfo.cs
		src\VersionInfo.cs = src\VersionInfo.cs
		src\Xbehave.Core.nuspec = src\Xbehave.Core.nuspec
		src\Xbehave.nuspec = src\Xbehave.nuspec
		src\Xbehave.ruleset = src\Xbehave.ruleset
		src\Xbehave.snk = src\Xbehave.snk
	EndProjectSection
EndProject
Project("{2150E333-8FDC-42A3-9474-1A3956D46DE8}") = "assets", "assets", "{D254943B-777E-4CFD-8AE5-6B809EF5F3A2}"
	ProjectSection(SolutionItems) = preProject
		assets\xbehave_128x128.png = assets\xbehave_128x128.png
	EndProjectSection
EndProject
Project("{2150E333-8FDC-42A3-9474-1A3956D46DE8}") = "Solution Items", "Solution Items", "{794F6FF3-998E-409C-BF91-422ABEA6BE06}"
	ProjectSection(SolutionItems) = preProject
		.editorconfig = .editorconfig
		.gitattributes = .gitattributes
		.gitignore = .gitignore
		.mailmap = .mailmap
		build.cmd = build.cmd
		CONTRIBUTING.md = CONTRIBUTING.md
		edit-stylecop-settings.cmd = edit-stylecop-settings.cmd
		Gemfile = Gemfile
		Gemfile.lock = Gemfile.lock
		how_to_build.md = how_to_build.md
		license.txt = license.txt
		rakefile.rb = rakefile.rb
		readme.md = readme.md
		Settings.StyleCop = Settings.StyleCop
		Xbehave.CustomDictionary.xml = Xbehave.CustomDictionary.xml
		Xbehave.sln.DotSettings = Xbehave.sln.DotSettings
	EndProjectSection
EndProject
Global
	GlobalSection(SolutionConfigurationPlatforms) = preSolution
		Debug|Any CPU = Debug|Any CPU
		Release|Any CPU = Release|Any CPU
	EndGlobalSection
	GlobalSection(ProjectConfigurationPlatforms) = postSolution
		{D509D6B2-D696-4D5D-A7E4-59ED5C5FDE4C}.Debug|Any CPU.ActiveCfg = Debug|Any CPU
		{D509D6B2-D696-4D5D-A7E4-59ED5C5FDE4C}.Debug|Any CPU.Build.0 = Debug|Any CPU
		{D509D6B2-D696-4D5D-A7E4-59ED5C5FDE4C}.Release|Any CPU.ActiveCfg = Release|Any CPU
		{D509D6B2-D696-4D5D-A7E4-59ED5C5FDE4C}.Release|Any CPU.Build.0 = Release|Any CPU
		{1BA9615F-9679-49BA-8CFB-AA826F3C78BE}.Debug|Any CPU.ActiveCfg = Debug|Any CPU
		{1BA9615F-9679-49BA-8CFB-AA826F3C78BE}.Debug|Any CPU.Build.0 = Debug|Any CPU
		{1BA9615F-9679-49BA-8CFB-AA826F3C78BE}.Release|Any CPU.ActiveCfg = Release|Any CPU
		{1BA9615F-9679-49BA-8CFB-AA826F3C78BE}.Release|Any CPU.Build.0 = Release|Any CPU
		{30DF704B-27B5-4F23-A54E-A0CDB86AAF2F}.Debug|Any CPU.ActiveCfg = Debug|Any CPU
		{30DF704B-27B5-4F23-A54E-A0CDB86AAF2F}.Debug|Any CPU.Build.0 = Debug|Any CPU
		{30DF704B-27B5-4F23-A54E-A0CDB86AAF2F}.Release|Any CPU.ActiveCfg = Release|Any CPU
		{30DF704B-27B5-4F23-A54E-A0CDB86AAF2F}.Release|Any CPU.Build.0 = Release|Any CPU
	EndGlobalSection
	GlobalSection(SolutionProperties) = preSolution
		HideSolutionNode = FALSE
	EndGlobalSection
	GlobalSection(NestedProjects) = preSolution
		{D509D6B2-D696-4D5D-A7E4-59ED5C5FDE4C} = {41BB5C25-6084-4CA2-A9E8-EE35A1CA1DEA}
		{1BA9615F-9679-49BA-8CFB-AA826F3C78BE} = {33269118-539E-4B80-8298-556253F984FE}
		{30DF704B-27B5-4F23-A54E-A0CDB86AAF2F} = {33269118-539E-4B80-8298-556253F984FE}
	EndGlobalSection
EndGlobal
