
Microsoft Visual Studio Solution File, Format Version 12.00
# Visual Studio 2012
Project("{FAE04EC0-301F-11D3-BF4B-00C04F79EFBC}") = "Xbehave.Net40", "Xbehave.Net40\Xbehave.Net40.csproj", "{93B47A03-8382-4E25-B800-F6BDCE6B9C6B}"
EndProject
Project("{2150E333-8FDC-42A3-9474-1A3956D46DE8}") = "SolutionFiles", "SolutionFiles", "{1DAD0ED8-7F96-4299-BEBB-04F3C25BFC76}"
	ProjectSection(SolutionItems) = preProject
		CommonAssemblyInfo.cs = CommonAssemblyInfo.cs
		nuget.config = nuget.config
		rakefile.rb = rakefile.rb
		Settings.StyleCop = Settings.StyleCop
		Xbehave.CustomDictionary.xml = Xbehave.CustomDictionary.xml
		Xbehave.nuspec = Xbehave.nuspec
		Xbehave.ruleset = Xbehave.ruleset
		Xbehave.snk = Xbehave.snk
	EndProjectSection
EndProject
Project("{FAE04EC0-301F-11D3-BF4B-00C04F79EFBC}") = "Xbehave.Samples.Net40", "Xbehave.Samples.Net40\Xbehave.Samples.Net40.csproj", "{318A83C1-F734-4612-A04F-9BE0D26657BF}"
EndProject
Project("{2150E333-8FDC-42A3-9474-1A3956D46DE8}") = "Test", "Test", "{41BB5C25-6084-4CA2-A9E8-EE35A1CA1DEA}"
	ProjectSection(SolutionItems) = preProject
		test\Settings.StyleCop = test\Settings.StyleCop
	EndProjectSection
EndProject
Project("{2150E333-8FDC-42A3-9474-1A3956D46DE8}") = "Samples", "Samples", "{C43DA667-DF59-4438-B3DC-F707DF861043}"
EndProject
Project("{FAE04EC0-301F-11D3-BF4B-00C04F79EFBC}") = "Xbehave.Specifications.Net40", "test\Xbehave.Specifications.Net40\Xbehave.Specifications.Net40.csproj", "{70E80F2E-D19C-4CA8-AE7F-E9A6953810EF}"
EndProject
Project("{2150E333-8FDC-42A3-9474-1A3956D46DE8}") = ".nuget", ".nuget", "{BBC5886B-9456-470B-836F-722154863920}"
	ProjectSection(SolutionItems) = preProject
		.nuget\packages.config = .nuget\packages.config
	EndProjectSection
EndProject
Project("{FAE04EC0-301F-11D3-BF4B-00C04F79EFBC}") = "Xbehave.Net35", "Xbehave.Net35\Xbehave.Net35.csproj", "{425C1030-10E5-4CCF-80C2-A4A8966EA48A}"
EndProject
Project("{FAE04EC0-301F-11D3-BF4B-00C04F79EFBC}") = "Xbehave.Specifications.Net35", "test\Xbehave.Specifications.Net35\Xbehave.Specifications.Net35.csproj", "{5CC1C3CC-67FC-4691-83BF-E14B367E06C3}"
EndProject
Project("{FAE04EC0-301F-11D3-BF4B-00C04F79EFBC}") = "Xbehave.Sdk.Net40", "Xbehave.Sdk.Net40\Xbehave.Sdk.Net40.csproj", "{69370680-9671-466C-B7BC-1C9BB5474F31}"
EndProject
Project("{FAE04EC0-301F-11D3-BF4B-00C04F79EFBC}") = "Xbehave.Sdk.Net35", "Xbehave.Sdk.Net35\Xbehave.Sdk.Net35.csproj", "{D39D0F1E-191A-4FF5-BA7F-73A8029ED45A}"
EndProject
Project("{FAE04EC0-301F-11D3-BF4B-00C04F79EFBC}") = "Xbehave.Sdk.Specifications.Net40", "test\Xbehave.Sdk.Specifications.Net40\Xbehave.Sdk.Specifications.Net40.csproj", "{4AFB913B-3798-4857-8E9D-28285F4FE21C}"
EndProject
Project("{FAE04EC0-301F-11D3-BF4B-00C04F79EFBC}") = "Xbehave.Sdk.Specifications.Net35", "test\Xbehave.Sdk.Specifications.Net35\Xbehave.Sdk.Specifications.Net35.csproj", "{9ED4559D-18B9-4DDA-9C59-B4485EB6FF2A}"
EndProject
Project("{2150E333-8FDC-42A3-9474-1A3956D46DE8}") = "Specifications", "Specifications", "{3CE881F9-3E00-4C16-8A90-9C5F57FA9565}"
EndProject
Project("{2150E333-8FDC-42A3-9474-1A3956D46DE8}") = "Features", "Features", "{A763D3CE-3C9C-456D-A758-46C18B31DBD9}"
EndProject
Project("{FAE04EC0-301F-11D3-BF4B-00C04F79EFBC}") = "Xbehave.Features.Net40", "test\Xbehave.Features.Net40\Xbehave.Features.Net40.csproj", "{ED6BE1A3-9DDC-424F-B3E0-8B651C35BAFA}"
EndProject
Project("{FAE04EC0-301F-11D3-BF4B-00C04F79EFBC}") = "Xbehave.Features.Net35", "test\Xbehave.Features.Net35\Xbehave.Features.Net35.csproj", "{F64FAC93-8534-4A00-83C6-031C51923BA3}"
EndProject
Project("{F2A71F9B-5D33-465A-A702-920D77279786}") = "Xbehave.Samples.FSharp.Net45", "Xbehave.Samples.FSharp.Net45\Xbehave.Samples.FSharp.Net45.fsproj", "{410529E9-B417-44D0-A48E-B3009E16783E}"
EndProject
Global
	GlobalSection(SolutionConfigurationPlatforms) = preSolution
		Debug|Any CPU = Debug|Any CPU
		Release|Any CPU = Release|Any CPU
	EndGlobalSection
	GlobalSection(ProjectConfigurationPlatforms) = postSolution
		{93B47A03-8382-4E25-B800-F6BDCE6B9C6B}.Debug|Any CPU.ActiveCfg = Debug|Any CPU
		{93B47A03-8382-4E25-B800-F6BDCE6B9C6B}.Debug|Any CPU.Build.0 = Debug|Any CPU
		{93B47A03-8382-4E25-B800-F6BDCE6B9C6B}.Release|Any CPU.ActiveCfg = Release|Any CPU
		{93B47A03-8382-4E25-B800-F6BDCE6B9C6B}.Release|Any CPU.Build.0 = Release|Any CPU
		{318A83C1-F734-4612-A04F-9BE0D26657BF}.Debug|Any CPU.ActiveCfg = Debug|Any CPU
		{318A83C1-F734-4612-A04F-9BE0D26657BF}.Debug|Any CPU.Build.0 = Debug|Any CPU
		{318A83C1-F734-4612-A04F-9BE0D26657BF}.Release|Any CPU.ActiveCfg = Release|Any CPU
		{318A83C1-F734-4612-A04F-9BE0D26657BF}.Release|Any CPU.Build.0 = Release|Any CPU
		{70E80F2E-D19C-4CA8-AE7F-E9A6953810EF}.Debug|Any CPU.ActiveCfg = Debug|Any CPU
		{70E80F2E-D19C-4CA8-AE7F-E9A6953810EF}.Debug|Any CPU.Build.0 = Debug|Any CPU
		{70E80F2E-D19C-4CA8-AE7F-E9A6953810EF}.Release|Any CPU.ActiveCfg = Release|Any CPU
		{70E80F2E-D19C-4CA8-AE7F-E9A6953810EF}.Release|Any CPU.Build.0 = Release|Any CPU
		{425C1030-10E5-4CCF-80C2-A4A8966EA48A}.Debug|Any CPU.ActiveCfg = Debug|Any CPU
		{425C1030-10E5-4CCF-80C2-A4A8966EA48A}.Debug|Any CPU.Build.0 = Debug|Any CPU
		{425C1030-10E5-4CCF-80C2-A4A8966EA48A}.Release|Any CPU.ActiveCfg = Release|Any CPU
		{425C1030-10E5-4CCF-80C2-A4A8966EA48A}.Release|Any CPU.Build.0 = Release|Any CPU
		{5CC1C3CC-67FC-4691-83BF-E14B367E06C3}.Debug|Any CPU.ActiveCfg = Debug|Any CPU
		{5CC1C3CC-67FC-4691-83BF-E14B367E06C3}.Debug|Any CPU.Build.0 = Debug|Any CPU
		{5CC1C3CC-67FC-4691-83BF-E14B367E06C3}.Release|Any CPU.ActiveCfg = Release|Any CPU
		{5CC1C3CC-67FC-4691-83BF-E14B367E06C3}.Release|Any CPU.Build.0 = Release|Any CPU
		{69370680-9671-466C-B7BC-1C9BB5474F31}.Debug|Any CPU.ActiveCfg = Debug|Any CPU
		{69370680-9671-466C-B7BC-1C9BB5474F31}.Debug|Any CPU.Build.0 = Debug|Any CPU
		{69370680-9671-466C-B7BC-1C9BB5474F31}.Release|Any CPU.ActiveCfg = Release|Any CPU
		{69370680-9671-466C-B7BC-1C9BB5474F31}.Release|Any CPU.Build.0 = Release|Any CPU
		{D39D0F1E-191A-4FF5-BA7F-73A8029ED45A}.Debug|Any CPU.ActiveCfg = Debug|Any CPU
		{D39D0F1E-191A-4FF5-BA7F-73A8029ED45A}.Debug|Any CPU.Build.0 = Debug|Any CPU
		{D39D0F1E-191A-4FF5-BA7F-73A8029ED45A}.Release|Any CPU.ActiveCfg = Release|Any CPU
		{D39D0F1E-191A-4FF5-BA7F-73A8029ED45A}.Release|Any CPU.Build.0 = Release|Any CPU
		{4AFB913B-3798-4857-8E9D-28285F4FE21C}.Debug|Any CPU.ActiveCfg = Debug|Any CPU
		{4AFB913B-3798-4857-8E9D-28285F4FE21C}.Debug|Any CPU.Build.0 = Debug|Any CPU
		{4AFB913B-3798-4857-8E9D-28285F4FE21C}.Release|Any CPU.ActiveCfg = Release|Any CPU
		{4AFB913B-3798-4857-8E9D-28285F4FE21C}.Release|Any CPU.Build.0 = Release|Any CPU
		{9ED4559D-18B9-4DDA-9C59-B4485EB6FF2A}.Debug|Any CPU.ActiveCfg = Debug|Any CPU
		{9ED4559D-18B9-4DDA-9C59-B4485EB6FF2A}.Debug|Any CPU.Build.0 = Debug|Any CPU
		{9ED4559D-18B9-4DDA-9C59-B4485EB6FF2A}.Release|Any CPU.ActiveCfg = Release|Any CPU
		{9ED4559D-18B9-4DDA-9C59-B4485EB6FF2A}.Release|Any CPU.Build.0 = Release|Any CPU
		{ED6BE1A3-9DDC-424F-B3E0-8B651C35BAFA}.Debug|Any CPU.ActiveCfg = Debug|Any CPU
		{ED6BE1A3-9DDC-424F-B3E0-8B651C35BAFA}.Debug|Any CPU.Build.0 = Debug|Any CPU
		{ED6BE1A3-9DDC-424F-B3E0-8B651C35BAFA}.Release|Any CPU.ActiveCfg = Release|Any CPU
		{ED6BE1A3-9DDC-424F-B3E0-8B651C35BAFA}.Release|Any CPU.Build.0 = Release|Any CPU
		{F64FAC93-8534-4A00-83C6-031C51923BA3}.Debug|Any CPU.ActiveCfg = Debug|Any CPU
		{F64FAC93-8534-4A00-83C6-031C51923BA3}.Debug|Any CPU.Build.0 = Debug|Any CPU
		{F64FAC93-8534-4A00-83C6-031C51923BA3}.Release|Any CPU.ActiveCfg = Debug|Any CPU
		{F64FAC93-8534-4A00-83C6-031C51923BA3}.Release|Any CPU.Build.0 = Debug|Any CPU
		{410529E9-B417-44D0-A48E-B3009E16783E}.Debug|Any CPU.ActiveCfg = Debug|Any CPU
		{410529E9-B417-44D0-A48E-B3009E16783E}.Debug|Any CPU.Build.0 = Debug|Any CPU
		{410529E9-B417-44D0-A48E-B3009E16783E}.Release|Any CPU.ActiveCfg = Release|Any CPU
		{410529E9-B417-44D0-A48E-B3009E16783E}.Release|Any CPU.Build.0 = Release|Any CPU
	EndGlobalSection
	GlobalSection(SolutionProperties) = preSolution
		HideSolutionNode = FALSE
	EndGlobalSection
	GlobalSection(NestedProjects) = preSolution
		{318A83C1-F734-4612-A04F-9BE0D26657BF} = {C43DA667-DF59-4438-B3DC-F707DF861043}
		{410529E9-B417-44D0-A48E-B3009E16783E} = {C43DA667-DF59-4438-B3DC-F707DF861043}
		{3CE881F9-3E00-4C16-8A90-9C5F57FA9565} = {41BB5C25-6084-4CA2-A9E8-EE35A1CA1DEA}
		{A763D3CE-3C9C-456D-A758-46C18B31DBD9} = {41BB5C25-6084-4CA2-A9E8-EE35A1CA1DEA}
		{5CC1C3CC-67FC-4691-83BF-E14B367E06C3} = {3CE881F9-3E00-4C16-8A90-9C5F57FA9565}
		{4AFB913B-3798-4857-8E9D-28285F4FE21C} = {3CE881F9-3E00-4C16-8A90-9C5F57FA9565}
		{9ED4559D-18B9-4DDA-9C59-B4485EB6FF2A} = {3CE881F9-3E00-4C16-8A90-9C5F57FA9565}
		{70E80F2E-D19C-4CA8-AE7F-E9A6953810EF} = {3CE881F9-3E00-4C16-8A90-9C5F57FA9565}
		{ED6BE1A3-9DDC-424F-B3E0-8B651C35BAFA} = {A763D3CE-3C9C-456D-A758-46C18B31DBD9}
		{F64FAC93-8534-4A00-83C6-031C51923BA3} = {A763D3CE-3C9C-456D-A758-46C18B31DBD9}
	EndGlobalSection
EndGlobal
